// !$*UTF8*$!
{
	archiveVersion = 1;
	classes = {
	};
	objectVersion = 46;
	objects = {

/* Begin PBXBuildFile section */
		B617CD471C965A5B00B3A934 /* yas_ui_strings_data.mm in Sources */ = {isa = PBXBuildFile; fileRef = B617CD451C965A5B00B3A934 /* yas_ui_strings_data.mm */; };
		B617CD4E1C96EE4100B3A934 /* yas_protocol.cpp in Sources */ = {isa = PBXBuildFile; fileRef = B617CD4C1C96EE4100B3A934 /* yas_protocol.cpp */; };
		B617CD501C982EA500B3A934 /* yas_ui_strings_tests.mm in Sources */ = {isa = PBXBuildFile; fileRef = B617CD4F1C982EA500B3A934 /* yas_ui_strings_tests.mm */; };
		B617CD531C9985B200B3A934 /* yas_ui_metal_view.mm in Sources */ = {isa = PBXBuildFile; fileRef = B617CD521C9985B200B3A934 /* yas_ui_metal_view.mm */; };
		B617CD551C99A28300B3A934 /* yas_ui_metal_view_mac_tests.mm in Sources */ = {isa = PBXBuildFile; fileRef = B617CD541C99A28300B3A934 /* yas_ui_metal_view_mac_tests.mm */; };
		B617CD571C99A9DC00B3A934 /* QuartzCore.framework in Frameworks */ = {isa = PBXBuildFile; fileRef = B617CD561C99A9DC00B3A934 /* QuartzCore.framework */; };
		B617CD5A1C9A3B4600B3A934 /* yas_ui_metal_view_controller.mm in Sources */ = {isa = PBXBuildFile; fileRef = B617CD591C9A3B4600B3A934 /* yas_ui_metal_view_controller.mm */; };
		B617CD5C1C9A415A00B3A934 /* yas_ui_metal_view_controller_mac_tests.mm in Sources */ = {isa = PBXBuildFile; fileRef = B617CD5B1C9A415A00B3A934 /* yas_ui_metal_view_controller_mac_tests.mm */; };
		B65BF8CE1C91B0CE00856B6A /* shaders.metal in Sources */ = {isa = PBXBuildFile; fileRef = B65BF8C51C91B0CE00856B6A /* shaders.metal */; };
		B65BF8CF1C91B0CE00856B6A /* yas_ui_image.mm in Sources */ = {isa = PBXBuildFile; fileRef = B65BF8C81C91B0CE00856B6A /* yas_ui_image.mm */; };
		B65BF8D01C91B0CE00856B6A /* yas_ui_matrix.mm in Sources */ = {isa = PBXBuildFile; fileRef = B65BF8C91C91B0CE00856B6A /* yas_ui_matrix.mm */; };
		B65BF8D11C91B0CE00856B6A /* yas_ui_types.mm in Sources */ = {isa = PBXBuildFile; fileRef = B65BF8CC1C91B0CE00856B6A /* yas_ui_types.mm */; };
		B65BF8D31C91C3D500856B6A /* GLKit.framework in Frameworks */ = {isa = PBXBuildFile; fileRef = B65BF8D21C91C3D500856B6A /* GLKit.framework */; };
		B65BF8D61C92D42A00856B6A /* yas_ui_texture.mm in Sources */ = {isa = PBXBuildFile; fileRef = B65BF8D41C92D42A00856B6A /* yas_ui_texture.mm */; };
		B65BF8DB1C93056500856B6A /* Metal.framework in Frameworks */ = {isa = PBXBuildFile; fileRef = B65BF8DA1C93056500856B6A /* Metal.framework */; };
		B65BF8DD1C93C78A00856B6A /* yas_ui_texture_tests.mm in Sources */ = {isa = PBXBuildFile; fileRef = B65BF8DC1C93C78A00856B6A /* yas_ui_texture_tests.mm */; };
		B6C56D951C90498300CAC59D /* yas_objc_container.mm in Sources */ = {isa = PBXBuildFile; fileRef = B6C56D931C90498300CAC59D /* yas_objc_container.mm */; };
		B6C56DB81C9049A500CAC59D /* yas_base.cpp in Sources */ = {isa = PBXBuildFile; fileRef = B6C56D971C9049A500CAC59D /* yas_base.cpp */; };
		B6C56DB91C9049A500CAC59D /* yas_cf_utils.mm in Sources */ = {isa = PBXBuildFile; fileRef = B6C56D9B1C9049A500CAC59D /* yas_cf_utils.mm */; };
		B6C56DBA1C9049A500CAC59D /* yas_chain.cpp in Sources */ = {isa = PBXBuildFile; fileRef = B6C56D9D1C9049A500CAC59D /* yas_chain.cpp */; };
		B6C56DBB1C9049A500CAC59D /* yas_each_dictionary.cpp in Sources */ = {isa = PBXBuildFile; fileRef = B6C56DA01C9049A500CAC59D /* yas_each_dictionary.cpp */; };
		B6C56DBC1C9049A500CAC59D /* yas_exception.cpp in Sources */ = {isa = PBXBuildFile; fileRef = B6C56DA41C9049A500CAC59D /* yas_exception.cpp */; };
		B6C56DBD1C9049A500CAC59D /* yas_flex_ptr.cpp in Sources */ = {isa = PBXBuildFile; fileRef = B6C56DA61C9049A500CAC59D /* yas_flex_ptr.cpp */; };
		B6C56DBE1C9049A500CAC59D /* yas_operation.cpp in Sources */ = {isa = PBXBuildFile; fileRef = B6C56DAA1C9049A500CAC59D /* yas_operation.cpp */; };
		B6C56DBF1C9049A500CAC59D /* yas_stl_utils.cpp in Sources */ = {isa = PBXBuildFile; fileRef = B6C56DB11C9049A500CAC59D /* yas_stl_utils.cpp */; };
		B6C56DC01C9049A500CAC59D /* yas_version.cpp in Sources */ = {isa = PBXBuildFile; fileRef = B6C56DB61C9049A500CAC59D /* yas_version.cpp */; };
		B6C56DC51C9066EA00CAC59D /* yas_ui_image_tests.mm in Sources */ = {isa = PBXBuildFile; fileRef = B6C56DC41C9066EA00CAC59D /* yas_ui_image_tests.mm */; };
		B6C56DCA1C906AAB00CAC59D /* CoreGraphics.framework in Frameworks */ = {isa = PBXBuildFile; fileRef = B6C56DC91C906AAB00CAC59D /* CoreGraphics.framework */; };
		B6C56DCC1C90782300CAC59D /* AppKit.framework in Frameworks */ = {isa = PBXBuildFile; fileRef = B6C56DCB1C90782300CAC59D /* AppKit.framework */; };
		B6C56DD01C910E6500CAC59D /* yas_ui_types_tests.mm in Sources */ = {isa = PBXBuildFile; fileRef = B6C56DCF1C910E6500CAC59D /* yas_ui_types_tests.mm */; };
		B6C56DE61C91A8A900CAC59D /* yas_ui_matrix_tests.mm in Sources */ = {isa = PBXBuildFile; fileRef = B6C56DE51C91A8A900CAC59D /* yas_ui_matrix_tests.mm */; };
/* End PBXBuildFile section */

/* Begin PBXFileReference section */
		B617CD451C965A5B00B3A934 /* yas_ui_strings_data.mm */ = {isa = PBXFileReference; fileEncoding = 4; lastKnownFileType = sourcecode.cpp.objcpp; path = yas_ui_strings_data.mm; sourceTree = "<group>"; };
		B617CD461C965A5B00B3A934 /* yas_ui_strings_data.h */ = {isa = PBXFileReference; fileEncoding = 4; lastKnownFileType = sourcecode.c.h; path = yas_ui_strings_data.h; sourceTree = "<group>"; };
		B617CD4B1C96EE4100B3A934 /* yas_protocol_private.h */ = {isa = PBXFileReference; fileEncoding = 4; lastKnownFileType = sourcecode.c.h; path = yas_protocol_private.h; sourceTree = "<group>"; };
		B617CD4C1C96EE4100B3A934 /* yas_protocol.cpp */ = {isa = PBXFileReference; fileEncoding = 4; lastKnownFileType = sourcecode.cpp.cpp; path = yas_protocol.cpp; sourceTree = "<group>"; };
		B617CD4D1C96EE4100B3A934 /* yas_protocol.h */ = {isa = PBXFileReference; fileEncoding = 4; lastKnownFileType = sourcecode.c.h; path = yas_protocol.h; sourceTree = "<group>"; };
		B617CD4F1C982EA500B3A934 /* yas_ui_strings_tests.mm */ = {isa = PBXFileReference; fileEncoding = 4; lastKnownFileType = sourcecode.cpp.objcpp; path = yas_ui_strings_tests.mm; sourceTree = "<group>"; };
		B617CD511C9985B200B3A934 /* yas_ui_metal_view.h */ = {isa = PBXFileReference; fileEncoding = 4; lastKnownFileType = sourcecode.c.h; path = yas_ui_metal_view.h; sourceTree = "<group>"; };
		B617CD521C9985B200B3A934 /* yas_ui_metal_view.mm */ = {isa = PBXFileReference; fileEncoding = 4; lastKnownFileType = sourcecode.cpp.objcpp; path = yas_ui_metal_view.mm; sourceTree = "<group>"; };
		B617CD541C99A28300B3A934 /* yas_ui_metal_view_mac_tests.mm */ = {isa = PBXFileReference; fileEncoding = 4; lastKnownFileType = sourcecode.cpp.objcpp; path = yas_ui_metal_view_mac_tests.mm; sourceTree = "<group>"; };
		B617CD561C99A9DC00B3A934 /* QuartzCore.framework */ = {isa = PBXFileReference; lastKnownFileType = wrapper.framework; name = QuartzCore.framework; path = System/Library/Frameworks/QuartzCore.framework; sourceTree = SDKROOT; };
		B617CD581C9A3B4600B3A934 /* yas_ui_metal_view_controller.h */ = {isa = PBXFileReference; fileEncoding = 4; lastKnownFileType = sourcecode.c.h; path = yas_ui_metal_view_controller.h; sourceTree = "<group>"; };
		B617CD591C9A3B4600B3A934 /* yas_ui_metal_view_controller.mm */ = {isa = PBXFileReference; fileEncoding = 4; lastKnownFileType = sourcecode.cpp.objcpp; path = yas_ui_metal_view_controller.mm; sourceTree = "<group>"; };
		B617CD5B1C9A415A00B3A934 /* yas_ui_metal_view_controller_mac_tests.mm */ = {isa = PBXFileReference; fileEncoding = 4; lastKnownFileType = sourcecode.cpp.objcpp; path = yas_ui_metal_view_controller_mac_tests.mm; sourceTree = "<group>"; };
		B65BF8C51C91B0CE00856B6A /* shaders.metal */ = {isa = PBXFileReference; fileEncoding = 4; lastKnownFileType = sourcecode.metal; path = shaders.metal; sourceTree = "<group>"; };
		B65BF8C61C91B0CE00856B6A /* yas_ui_shared_types.h */ = {isa = PBXFileReference; fileEncoding = 4; lastKnownFileType = sourcecode.c.h; path = yas_ui_shared_types.h; sourceTree = "<group>"; };
		B65BF8C71C91B0CE00856B6A /* yas_ui_image.h */ = {isa = PBXFileReference; fileEncoding = 4; lastKnownFileType = sourcecode.c.h; path = yas_ui_image.h; sourceTree = "<group>"; };
		B65BF8C81C91B0CE00856B6A /* yas_ui_image.mm */ = {isa = PBXFileReference; fileEncoding = 4; lastKnownFileType = sourcecode.cpp.objcpp; path = yas_ui_image.mm; sourceTree = "<group>"; };
		B65BF8C91C91B0CE00856B6A /* yas_ui_matrix.mm */ = {isa = PBXFileReference; fileEncoding = 4; lastKnownFileType = sourcecode.cpp.objcpp; path = yas_ui_matrix.mm; sourceTree = "<group>"; };
		B65BF8CA1C91B0CE00856B6A /* yas_ui_matrix.h */ = {isa = PBXFileReference; fileEncoding = 4; lastKnownFileType = sourcecode.c.h; path = yas_ui_matrix.h; sourceTree = "<group>"; };
		B65BF8CB1C91B0CE00856B6A /* yas_ui_types.h */ = {isa = PBXFileReference; fileEncoding = 4; lastKnownFileType = sourcecode.c.h; path = yas_ui_types.h; sourceTree = "<group>"; };
		B65BF8CC1C91B0CE00856B6A /* yas_ui_types.mm */ = {isa = PBXFileReference; fileEncoding = 4; lastKnownFileType = sourcecode.cpp.objcpp; path = yas_ui_types.mm; sourceTree = "<group>"; };
		B65BF8D21C91C3D500856B6A /* GLKit.framework */ = {isa = PBXFileReference; lastKnownFileType = wrapper.framework; name = GLKit.framework; path = System/Library/Frameworks/GLKit.framework; sourceTree = SDKROOT; };
		B65BF8D41C92D42A00856B6A /* yas_ui_texture.mm */ = {isa = PBXFileReference; fileEncoding = 4; lastKnownFileType = sourcecode.cpp.objcpp; path = yas_ui_texture.mm; sourceTree = "<group>"; };
		B65BF8D51C92D42A00856B6A /* yas_ui_texture.h */ = {isa = PBXFileReference; fileEncoding = 4; lastKnownFileType = sourcecode.c.h; path = yas_ui_texture.h; sourceTree = "<group>"; };
		B65BF8DA1C93056500856B6A /* Metal.framework */ = {isa = PBXFileReference; lastKnownFileType = wrapper.framework; name = Metal.framework; path = System/Library/Frameworks/Metal.framework; sourceTree = SDKROOT; };
		B65BF8DC1C93C78A00856B6A /* yas_ui_texture_tests.mm */ = {isa = PBXFileReference; fileEncoding = 4; lastKnownFileType = sourcecode.cpp.objcpp; path = yas_ui_texture_tests.mm; sourceTree = "<group>"; };
		B6C56D5B1C90474400CAC59D /* ui_mac_tests.xctest */ = {isa = PBXFileReference; explicitFileType = wrapper.cfbundle; includeInIndex = 0; path = ui_mac_tests.xctest; sourceTree = BUILT_PRODUCTS_DIR; };
		B6C56D601C90474400CAC59D /* Info.plist */ = {isa = PBXFileReference; lastKnownFileType = text.plist.xml; path = Info.plist; sourceTree = "<group>"; };
		B6C56D921C90498300CAC59D /* yas_objc_container.h */ = {isa = PBXFileReference; fileEncoding = 4; lastKnownFileType = sourcecode.c.h; path = yas_objc_container.h; sourceTree = "<group>"; };
		B6C56D931C90498300CAC59D /* yas_objc_container.mm */ = {isa = PBXFileReference; fileEncoding = 4; lastKnownFileType = sourcecode.cpp.objcpp; path = yas_objc_container.mm; sourceTree = "<group>"; };
		B6C56D941C90498300CAC59D /* yas_objc_macros.h */ = {isa = PBXFileReference; fileEncoding = 4; lastKnownFileType = sourcecode.c.h; path = yas_objc_macros.h; sourceTree = "<group>"; };
		B6C56D971C9049A500CAC59D /* yas_base.cpp */ = {isa = PBXFileReference; fileEncoding = 4; lastKnownFileType = sourcecode.cpp.cpp; path = yas_base.cpp; sourceTree = "<group>"; };
		B6C56D981C9049A500CAC59D /* yas_base.h */ = {isa = PBXFileReference; fileEncoding = 4; lastKnownFileType = sourcecode.c.h; path = yas_base.h; sourceTree = "<group>"; };
		B6C56D991C9049A500CAC59D /* yas_base_private.h */ = {isa = PBXFileReference; fileEncoding = 4; lastKnownFileType = sourcecode.c.h; path = yas_base_private.h; sourceTree = "<group>"; };
		B6C56D9A1C9049A500CAC59D /* yas_cf_utils.h */ = {isa = PBXFileReference; fileEncoding = 4; lastKnownFileType = sourcecode.c.h; path = yas_cf_utils.h; sourceTree = "<group>"; };
		B6C56D9B1C9049A500CAC59D /* yas_cf_utils.mm */ = {isa = PBXFileReference; fileEncoding = 4; lastKnownFileType = sourcecode.cpp.objcpp; path = yas_cf_utils.mm; sourceTree = "<group>"; };
		B6C56D9C1C9049A500CAC59D /* yas_cf_utils_private.h */ = {isa = PBXFileReference; fileEncoding = 4; lastKnownFileType = sourcecode.c.h; path = yas_cf_utils_private.h; sourceTree = "<group>"; };
		B6C56D9D1C9049A500CAC59D /* yas_chain.cpp */ = {isa = PBXFileReference; fileEncoding = 4; lastKnownFileType = sourcecode.cpp.cpp; path = yas_chain.cpp; sourceTree = "<group>"; };
		B6C56D9E1C9049A500CAC59D /* yas_chain.h */ = {isa = PBXFileReference; fileEncoding = 4; lastKnownFileType = sourcecode.c.h; path = yas_chain.h; sourceTree = "<group>"; };
		B6C56D9F1C9049A500CAC59D /* yas_chain_private.h */ = {isa = PBXFileReference; fileEncoding = 4; lastKnownFileType = sourcecode.c.h; path = yas_chain_private.h; sourceTree = "<group>"; };
		B6C56DA01C9049A500CAC59D /* yas_each_dictionary.cpp */ = {isa = PBXFileReference; fileEncoding = 4; lastKnownFileType = sourcecode.cpp.cpp; path = yas_each_dictionary.cpp; sourceTree = "<group>"; };
		B6C56DA11C9049A500CAC59D /* yas_each_dictionary.h */ = {isa = PBXFileReference; fileEncoding = 4; lastKnownFileType = sourcecode.c.h; path = yas_each_dictionary.h; sourceTree = "<group>"; };
		B6C56DA21C9049A500CAC59D /* yas_each_index.h */ = {isa = PBXFileReference; fileEncoding = 4; lastKnownFileType = sourcecode.c.h; path = yas_each_index.h; sourceTree = "<group>"; };
		B6C56DA31C9049A500CAC59D /* yas_each_index_private.h */ = {isa = PBXFileReference; fileEncoding = 4; lastKnownFileType = sourcecode.c.h; path = yas_each_index_private.h; sourceTree = "<group>"; };
		B6C56DA41C9049A500CAC59D /* yas_exception.cpp */ = {isa = PBXFileReference; fileEncoding = 4; lastKnownFileType = sourcecode.cpp.cpp; path = yas_exception.cpp; sourceTree = "<group>"; };
		B6C56DA51C9049A500CAC59D /* yas_exception.h */ = {isa = PBXFileReference; fileEncoding = 4; lastKnownFileType = sourcecode.c.h; path = yas_exception.h; sourceTree = "<group>"; };
		B6C56DA61C9049A500CAC59D /* yas_flex_ptr.cpp */ = {isa = PBXFileReference; fileEncoding = 4; lastKnownFileType = sourcecode.cpp.cpp; path = yas_flex_ptr.cpp; sourceTree = "<group>"; };
		B6C56DA71C9049A500CAC59D /* yas_flex_ptr.h */ = {isa = PBXFileReference; fileEncoding = 4; lastKnownFileType = sourcecode.c.h; path = yas_flex_ptr.h; sourceTree = "<group>"; };
		B6C56DA81C9049A500CAC59D /* yas_observing.h */ = {isa = PBXFileReference; fileEncoding = 4; lastKnownFileType = sourcecode.c.h; path = yas_observing.h; sourceTree = "<group>"; };
		B6C56DA91C9049A500CAC59D /* yas_observing_private.h */ = {isa = PBXFileReference; fileEncoding = 4; lastKnownFileType = sourcecode.c.h; path = yas_observing_private.h; sourceTree = "<group>"; };
		B6C56DAA1C9049A500CAC59D /* yas_operation.cpp */ = {isa = PBXFileReference; fileEncoding = 4; lastKnownFileType = sourcecode.cpp.cpp; path = yas_operation.cpp; sourceTree = "<group>"; };
		B6C56DAB1C9049A500CAC59D /* yas_operation.h */ = {isa = PBXFileReference; fileEncoding = 4; lastKnownFileType = sourcecode.c.h; path = yas_operation.h; sourceTree = "<group>"; };
		B6C56DAC1C9049A500CAC59D /* yas_operation_protocol.h */ = {isa = PBXFileReference; fileEncoding = 4; lastKnownFileType = sourcecode.c.h; path = yas_operation_protocol.h; sourceTree = "<group>"; };
		B6C56DAD1C9049A500CAC59D /* yas_property.h */ = {isa = PBXFileReference; fileEncoding = 4; lastKnownFileType = sourcecode.c.h; path = yas_property.h; sourceTree = "<group>"; };
		B6C56DAE1C9049A500CAC59D /* yas_property_private.h */ = {isa = PBXFileReference; fileEncoding = 4; lastKnownFileType = sourcecode.c.h; path = yas_property_private.h; sourceTree = "<group>"; };
		B6C56DAF1C9049A500CAC59D /* yas_result.h */ = {isa = PBXFileReference; fileEncoding = 4; lastKnownFileType = sourcecode.c.h; path = yas_result.h; sourceTree = "<group>"; };
		B6C56DB01C9049A500CAC59D /* yas_result_private.h */ = {isa = PBXFileReference; fileEncoding = 4; lastKnownFileType = sourcecode.c.h; path = yas_result_private.h; sourceTree = "<group>"; };
		B6C56DB11C9049A500CAC59D /* yas_stl_utils.cpp */ = {isa = PBXFileReference; fileEncoding = 4; lastKnownFileType = sourcecode.cpp.cpp; path = yas_stl_utils.cpp; sourceTree = "<group>"; };
		B6C56DB21C9049A500CAC59D /* yas_stl_utils.h */ = {isa = PBXFileReference; fileEncoding = 4; lastKnownFileType = sourcecode.c.h; path = yas_stl_utils.h; sourceTree = "<group>"; };
		B6C56DB31C9049A500CAC59D /* yas_stl_utils_private.h */ = {isa = PBXFileReference; fileEncoding = 4; lastKnownFileType = sourcecode.c.h; path = yas_stl_utils_private.h; sourceTree = "<group>"; };
		B6C56DB41C9049A500CAC59D /* yas_types.h */ = {isa = PBXFileReference; fileEncoding = 4; lastKnownFileType = sourcecode.c.h; path = yas_types.h; sourceTree = "<group>"; };
		B6C56DB51C9049A500CAC59D /* yas_unless.h */ = {isa = PBXFileReference; fileEncoding = 4; lastKnownFileType = sourcecode.c.h; path = yas_unless.h; sourceTree = "<group>"; };
		B6C56DB61C9049A500CAC59D /* yas_version.cpp */ = {isa = PBXFileReference; fileEncoding = 4; lastKnownFileType = sourcecode.cpp.cpp; path = yas_version.cpp; sourceTree = "<group>"; };
		B6C56DB71C9049A500CAC59D /* yas_version.h */ = {isa = PBXFileReference; fileEncoding = 4; lastKnownFileType = sourcecode.c.h; path = yas_version.h; sourceTree = "<group>"; };
		B6C56DC41C9066EA00CAC59D /* yas_ui_image_tests.mm */ = {isa = PBXFileReference; fileEncoding = 4; lastKnownFileType = sourcecode.cpp.objcpp; path = yas_ui_image_tests.mm; sourceTree = "<group>"; };
		B6C56DC91C906AAB00CAC59D /* CoreGraphics.framework */ = {isa = PBXFileReference; lastKnownFileType = wrapper.framework; name = CoreGraphics.framework; path = System/Library/Frameworks/CoreGraphics.framework; sourceTree = SDKROOT; };
		B6C56DCB1C90782300CAC59D /* AppKit.framework */ = {isa = PBXFileReference; lastKnownFileType = wrapper.framework; name = AppKit.framework; path = System/Library/Frameworks/AppKit.framework; sourceTree = SDKROOT; };
		B6C56DCF1C910E6500CAC59D /* yas_ui_types_tests.mm */ = {isa = PBXFileReference; fileEncoding = 4; lastKnownFileType = sourcecode.cpp.objcpp; path = yas_ui_types_tests.mm; sourceTree = "<group>"; };
		B6C56DE51C91A8A900CAC59D /* yas_ui_matrix_tests.mm */ = {isa = PBXFileReference; fileEncoding = 4; lastKnownFileType = sourcecode.cpp.objcpp; path = yas_ui_matrix_tests.mm; sourceTree = "<group>"; };
		B6F501BC1C9CF26500A0B4A1 /* yas_objc_container_private.h */ = {isa = PBXFileReference; fileEncoding = 4; lastKnownFileType = sourcecode.c.h; path = yas_objc_container_private.h; sourceTree = "<group>"; };
/* End PBXFileReference section */

/* Begin PBXFrameworksBuildPhase section */
		B6C56D581C90474400CAC59D /* Frameworks */ = {
			isa = PBXFrameworksBuildPhase;
			buildActionMask = 2147483647;
			files = (
				B617CD571C99A9DC00B3A934 /* QuartzCore.framework in Frameworks */,
				B65BF8DB1C93056500856B6A /* Metal.framework in Frameworks */,
				B65BF8D31C91C3D500856B6A /* GLKit.framework in Frameworks */,
				B6C56DCC1C90782300CAC59D /* AppKit.framework in Frameworks */,
				B6C56DCA1C906AAB00CAC59D /* CoreGraphics.framework in Frameworks */,
			);
			runOnlyForDeploymentPostprocessing = 0;
		};
/* End PBXFrameworksBuildPhase section */

/* Begin PBXGroup section */
		B65BF8C01C91B0CE00856B6A /* ui */ = {
			isa = PBXGroup;
			children = (
				B65BF8C41C91B0CE00856B6A /* shader_mac */,
				B65BF8C71C91B0CE00856B6A /* yas_ui_image.h */,
				B65BF8C81C91B0CE00856B6A /* yas_ui_image.mm */,
				B65BF8CA1C91B0CE00856B6A /* yas_ui_matrix.h */,
				B65BF8C91C91B0CE00856B6A /* yas_ui_matrix.mm */,
				B617CD511C9985B200B3A934 /* yas_ui_metal_view.h */,
				B617CD521C9985B200B3A934 /* yas_ui_metal_view.mm */,
				B617CD581C9A3B4600B3A934 /* yas_ui_metal_view_controller.h */,
				B617CD591C9A3B4600B3A934 /* yas_ui_metal_view_controller.mm */,
				B617CD461C965A5B00B3A934 /* yas_ui_strings_data.h */,
				B617CD451C965A5B00B3A934 /* yas_ui_strings_data.mm */,
				B65BF8D51C92D42A00856B6A /* yas_ui_texture.h */,
				B65BF8D41C92D42A00856B6A /* yas_ui_texture.mm */,
				B65BF8CB1C91B0CE00856B6A /* yas_ui_types.h */,
				B65BF8CC1C91B0CE00856B6A /* yas_ui_types.mm */,
			);
			name = ui;
			path = ../ui;
			sourceTree = "<group>";
		};
		B65BF8C41C91B0CE00856B6A /* shader_mac */ = {
			isa = PBXGroup;
			children = (
				B65BF8C51C91B0CE00856B6A /* shaders.metal */,
				B65BF8C61C91B0CE00856B6A /* yas_ui_shared_types.h */,
			);
			path = shader_mac;
			sourceTree = "<group>";
		};
		B6C56D501C90470600CAC59D = {
			isa = PBXGroup;
			children = (
				B617CD561C99A9DC00B3A934 /* QuartzCore.framework */,
				B65BF8DA1C93056500856B6A /* Metal.framework */,
				B65BF8D21C91C3D500856B6A /* GLKit.framework */,
				B6C56DCB1C90782300CAC59D /* AppKit.framework */,
				B6C56DC91C906AAB00CAC59D /* CoreGraphics.framework */,
				B6C56D961C9049A500CAC59D /* cpp_utils */,
				B6C56D911C90498300CAC59D /* objc_utils */,
				B65BF8C01C91B0CE00856B6A /* ui */,
				B6C56D5D1C90474400CAC59D /* ui_tests */,
				B6C56D5C1C90474400CAC59D /* Products */,
			);
			sourceTree = "<group>";
		};
		B6C56D5C1C90474400CAC59D /* Products */ = {
			isa = PBXGroup;
			children = (
				B6C56D5B1C90474400CAC59D /* ui_mac_tests.xctest */,
			);
			name = Products;
			sourceTree = "<group>";
		};
		B6C56D5D1C90474400CAC59D /* ui_tests */ = {
			isa = PBXGroup;
			children = (
				B6C56DC41C9066EA00CAC59D /* yas_ui_image_tests.mm */,
				B6C56DCF1C910E6500CAC59D /* yas_ui_types_tests.mm */,
				B6C56DE51C91A8A900CAC59D /* yas_ui_matrix_tests.mm */,
				B65BF8DC1C93C78A00856B6A /* yas_ui_texture_tests.mm */,
				B617CD4F1C982EA500B3A934 /* yas_ui_strings_tests.mm */,
				B617CD541C99A28300B3A934 /* yas_ui_metal_view_mac_tests.mm */,
				B617CD5B1C9A415A00B3A934 /* yas_ui_metal_view_controller_mac_tests.mm */,
				B6C56D601C90474400CAC59D /* Info.plist */,
			);
			path = ui_tests;
			sourceTree = "<group>";
		};
		B6C56D911C90498300CAC59D /* objc_utils */ = {
			isa = PBXGroup;
			children = (
				B6F501BC1C9CF26500A0B4A1 /* yas_objc_container_private.h */,
				B6C56D921C90498300CAC59D /* yas_objc_container.h */,
				B6C56D931C90498300CAC59D /* yas_objc_container.mm */,
				B6C56D941C90498300CAC59D /* yas_objc_macros.h */,
			);
			name = objc_utils;
			path = ../submodules/objc_utils/objc_utils;
			sourceTree = "<group>";
		};
		B6C56D961C9049A500CAC59D /* cpp_utils */ = {
			isa = PBXGroup;
			children = (
				B6C56D991C9049A500CAC59D /* yas_base_private.h */,
				B6C56D971C9049A500CAC59D /* yas_base.cpp */,
				B6C56D981C9049A500CAC59D /* yas_base.h */,
				B6C56D9C1C9049A500CAC59D /* yas_cf_utils_private.h */,
				B6C56D9A1C9049A500CAC59D /* yas_cf_utils.h */,
				B6C56D9B1C9049A500CAC59D /* yas_cf_utils.mm */,
				B6C56D9F1C9049A500CAC59D /* yas_chain_private.h */,
				B6C56D9D1C9049A500CAC59D /* yas_chain.cpp */,
				B6C56D9E1C9049A500CAC59D /* yas_chain.h */,
				B6C56DA01C9049A500CAC59D /* yas_each_dictionary.cpp */,
				B6C56DA11C9049A500CAC59D /* yas_each_dictionary.h */,
				B6C56DA31C9049A500CAC59D /* yas_each_index_private.h */,
				B6C56DA21C9049A500CAC59D /* yas_each_index.h */,
				B6C56DA41C9049A500CAC59D /* yas_exception.cpp */,
				B6C56DA51C9049A500CAC59D /* yas_exception.h */,
				B6C56DA61C9049A500CAC59D /* yas_flex_ptr.cpp */,
				B6C56DA71C9049A500CAC59D /* yas_flex_ptr.h */,
				B6C56DA91C9049A500CAC59D /* yas_observing_private.h */,
				B6C56DA81C9049A500CAC59D /* yas_observing.h */,
				B6C56DAC1C9049A500CAC59D /* yas_operation_protocol.h */,
				B6C56DAA1C9049A500CAC59D /* yas_operation.cpp */,
				B6C56DAB1C9049A500CAC59D /* yas_operation.h */,
				B6C56DAE1C9049A500CAC59D /* yas_property_private.h */,
				B6C56DAD1C9049A500CAC59D /* yas_property.h */,
				B617CD4B1C96EE4100B3A934 /* yas_protocol_private.h */,
				B617CD4C1C96EE4100B3A934 /* yas_protocol.cpp */,
				B617CD4D1C96EE4100B3A934 /* yas_protocol.h */,
				B6C56DB01C9049A500CAC59D /* yas_result_private.h */,
				B6C56DAF1C9049A500CAC59D /* yas_result.h */,
				B6C56DB31C9049A500CAC59D /* yas_stl_utils_private.h */,
				B6C56DB11C9049A500CAC59D /* yas_stl_utils.cpp */,
				B6C56DB21C9049A500CAC59D /* yas_stl_utils.h */,
				B6C56DB41C9049A500CAC59D /* yas_types.h */,
				B6C56DB51C9049A500CAC59D /* yas_unless.h */,
				B6C56DB61C9049A500CAC59D /* yas_version.cpp */,
				B6C56DB71C9049A500CAC59D /* yas_version.h */,
			);
			name = cpp_utils;
			path = ../submodules/cpp_utils/cpp_utils;
			sourceTree = "<group>";
		};
/* End PBXGroup section */

/* Begin PBXNativeTarget section */
		B6C56D5A1C90474400CAC59D /* ui_mac_tests */ = {
			isa = PBXNativeTarget;
			buildConfigurationList = B6C56D611C90474400CAC59D /* Build configuration list for PBXNativeTarget "ui_mac_tests" */;
			buildPhases = (
				B6C56D571C90474400CAC59D /* Sources */,
				B6C56D581C90474400CAC59D /* Frameworks */,
				B6C56D591C90474400CAC59D /* Resources */,
			);
			buildRules = (
			);
			dependencies = (
			);
			name = ui_mac_tests;
			productName = ui_mac_tests;
			productReference = B6C56D5B1C90474400CAC59D /* ui_mac_tests.xctest */;
			productType = "com.apple.product-type.bundle.unit-test";
		};
/* End PBXNativeTarget section */

/* Begin PBXProject section */
		B6C56D511C90470600CAC59D /* Project object */ = {
			isa = PBXProject;
			attributes = {
				LastUpgradeCheck = 0720;
				TargetAttributes = {
					B6C56D5A1C90474400CAC59D = {
						CreatedOnToolsVersion = 7.2.1;
					};
				};
			};
			buildConfigurationList = B6C56D541C90470600CAC59D /* Build configuration list for PBXProject "ui_tests" */;
			compatibilityVersion = "Xcode 3.2";
			developmentRegion = English;
			hasScannedForEncodings = 0;
			knownRegions = (
				en,
			);
			mainGroup = B6C56D501C90470600CAC59D;
			productRefGroup = B6C56D5C1C90474400CAC59D /* Products */;
			projectDirPath = "";
			projectRoot = "";
			targets = (
				B6C56D5A1C90474400CAC59D /* ui_mac_tests */,
			);
		};
/* End PBXProject section */

/* Begin PBXResourcesBuildPhase section */
		B6C56D591C90474400CAC59D /* Resources */ = {
			isa = PBXResourcesBuildPhase;
			buildActionMask = 2147483647;
			files = (
			);
			runOnlyForDeploymentPostprocessing = 0;
		};
/* End PBXResourcesBuildPhase section */

/* Begin PBXSourcesBuildPhase section */
		B6C56D571C90474400CAC59D /* Sources */ = {
			isa = PBXSourcesBuildPhase;
			buildActionMask = 2147483647;
			files = (
				B6C56DBB1C9049A500CAC59D /* yas_each_dictionary.cpp in Sources */,
				B6C56DC51C9066EA00CAC59D /* yas_ui_image_tests.mm in Sources */,
				B65BF8CF1C91B0CE00856B6A /* yas_ui_image.mm in Sources */,
				B65BF8D61C92D42A00856B6A /* yas_ui_texture.mm in Sources */,
				B617CD551C99A28300B3A934 /* yas_ui_metal_view_mac_tests.mm in Sources */,
				B6C56DBD1C9049A500CAC59D /* yas_flex_ptr.cpp in Sources */,
				B6C56DE61C91A8A900CAC59D /* yas_ui_matrix_tests.mm in Sources */,
				B6C56DD01C910E6500CAC59D /* yas_ui_types_tests.mm in Sources */,
				B65BF8DD1C93C78A00856B6A /* yas_ui_texture_tests.mm in Sources */,
				B617CD471C965A5B00B3A934 /* yas_ui_strings_data.mm in Sources */,
				B65BF8D01C91B0CE00856B6A /* yas_ui_matrix.mm in Sources */,
				B6C56DB91C9049A500CAC59D /* yas_cf_utils.mm in Sources */,
				B6C56DBE1C9049A500CAC59D /* yas_operation.cpp in Sources */,
				B6C56DBC1C9049A500CAC59D /* yas_exception.cpp in Sources */,
				B617CD531C9985B200B3A934 /* yas_ui_metal_view.mm in Sources */,
				B617CD501C982EA500B3A934 /* yas_ui_strings_tests.mm in Sources */,
				B617CD5C1C9A415A00B3A934 /* yas_ui_metal_view_controller_mac_tests.mm in Sources */,
				B6C56D951C90498300CAC59D /* yas_objc_container.mm in Sources */,
				B6C56DC01C9049A500CAC59D /* yas_version.cpp in Sources */,
				B65BF8CE1C91B0CE00856B6A /* shaders.metal in Sources */,
				B6C56DB81C9049A500CAC59D /* yas_base.cpp in Sources */,
				B6C56DBA1C9049A500CAC59D /* yas_chain.cpp in Sources */,
				B6C56DBF1C9049A500CAC59D /* yas_stl_utils.cpp in Sources */,
				B65BF8D11C91B0CE00856B6A /* yas_ui_types.mm in Sources */,
				B617CD4E1C96EE4100B3A934 /* yas_protocol.cpp in Sources */,
				B617CD5A1C9A3B4600B3A934 /* yas_ui_metal_view_controller.mm in Sources */,
			);
			runOnlyForDeploymentPostprocessing = 0;
		};
/* End PBXSourcesBuildPhase section */

/* Begin XCBuildConfiguration section */
		B6C56D551C90470600CAC59D /* Debug */ = {
			isa = XCBuildConfiguration;
			buildSettings = {
				CLANG_CXX_LANGUAGE_STANDARD = "gnu++14";
			};
			name = Debug;
		};
		B6C56D561C90470600CAC59D /* Release */ = {
			isa = XCBuildConfiguration;
			buildSettings = {
				CLANG_CXX_LANGUAGE_STANDARD = "gnu++14";
			};
			name = Release;
		};
		B6C56D621C90474400CAC59D /* Debug */ = {
			isa = XCBuildConfiguration;
			buildSettings = {
				ALWAYS_SEARCH_USER_PATHS = NO;
				CLANG_ENABLE_MODULES = YES;
				CLANG_ENABLE_OBJC_ARC = YES;
				CLANG_WARN_BOOL_CONVERSION = YES;
				CLANG_WARN_CONSTANT_CONVERSION = YES;
				CLANG_WARN_DIRECT_OBJC_ISA_USAGE = YES_ERROR;
				CLANG_WARN_EMPTY_BODY = YES;
				CLANG_WARN_ENUM_CONVERSION = YES;
				CLANG_WARN_INT_CONVERSION = YES;
				CLANG_WARN_OBJC_ROOT_CLASS = YES_ERROR;
				CLANG_WARN_UNREACHABLE_CODE = YES;
				CLANG_WARN__DUPLICATE_METHOD_MATCH = YES;
				CODE_SIGN_IDENTITY = "-";
				COMBINE_HIDPI_IMAGES = YES;
				COPY_PHASE_STRIP = NO;
				DEBUG_INFORMATION_FORMAT = dwarf;
				ENABLE_STRICT_OBJC_MSGSEND = YES;
				ENABLE_TESTABILITY = YES;
				GCC_C_LANGUAGE_STANDARD = gnu99;
				GCC_DYNAMIC_NO_PIC = NO;
				GCC_NO_COMMON_BLOCKS = YES;
				GCC_OPTIMIZATION_LEVEL = 0;
				GCC_PREPROCESSOR_DEFINITIONS = (
					"DEBUG=1",
					"$(inherited)",
				);
				GCC_WARN_64_TO_32_BIT_CONVERSION = YES;
				GCC_WARN_ABOUT_RETURN_TYPE = YES_ERROR;
				GCC_WARN_UNDECLARED_SELECTOR = YES;
				GCC_WARN_UNINITIALIZED_AUTOS = YES_AGGRESSIVE;
				GCC_WARN_UNUSED_FUNCTION = YES;
				GCC_WARN_UNUSED_VARIABLE = YES;
				INFOPLIST_FILE = ui_tests/Info.plist;
				LD_RUNPATH_SEARCH_PATHS = "$(inherited) @executable_path/../Frameworks @loader_path/../Frameworks";
				MACOSX_DEPLOYMENT_TARGET = 10.11;
				MTL_ENABLE_DEBUG_INFO = YES;
				ONLY_ACTIVE_ARCH = YES;
				PRODUCT_BUNDLE_IDENTIFIER = "jp.objective-audio.ui-mac-tests";
				PRODUCT_NAME = "$(TARGET_NAME)";
				SDKROOT = macosx;
			};
			name = Debug;
		};
		B6C56D631C90474400CAC59D /* Release */ = {
			isa = XCBuildConfiguration;
			buildSettings = {
				ALWAYS_SEARCH_USER_PATHS = NO;
				CLANG_ENABLE_MODULES = YES;
				CLANG_ENABLE_OBJC_ARC = YES;
				CLANG_WARN_BOOL_CONVERSION = YES;
				CLANG_WARN_CONSTANT_CONVERSION = YES;
				CLANG_WARN_DIRECT_OBJC_ISA_USAGE = YES_ERROR;
				CLANG_WARN_EMPTY_BODY = YES;
				CLANG_WARN_ENUM_CONVERSION = YES;
				CLANG_WARN_INT_CONVERSION = YES;
				CLANG_WARN_OBJC_ROOT_CLASS = YES_ERROR;
				CLANG_WARN_UNREACHABLE_CODE = YES;
				CLANG_WARN__DUPLICATE_METHOD_MATCH = YES;
				CODE_SIGN_IDENTITY = "-";
				COMBINE_HIDPI_IMAGES = YES;
				COPY_PHASE_STRIP = NO;
				DEBUG_INFORMATION_FORMAT = "dwarf-with-dsym";
				ENABLE_NS_ASSERTIONS = NO;
				ENABLE_STRICT_OBJC_MSGSEND = YES;
				GCC_C_LANGUAGE_STANDARD = gnu99;
				GCC_NO_COMMON_BLOCKS = YES;
				GCC_WARN_64_TO_32_BIT_CONVERSION = YES;
				GCC_WARN_ABOUT_RETURN_TYPE = YES_ERROR;
				GCC_WARN_UNDECLARED_SELECTOR = YES;
				GCC_WARN_UNINITIALIZED_AUTOS = YES_AGGRESSIVE;
				GCC_WARN_UNUSED_FUNCTION = YES;
				GCC_WARN_UNUSED_VARIABLE = YES;
				INFOPLIST_FILE = ui_tests/Info.plist;
				LD_RUNPATH_SEARCH_PATHS = "$(inherited) @executable_path/../Frameworks @loader_path/../Frameworks";
				MACOSX_DEPLOYMENT_TARGET = 10.11;
				MTL_ENABLE_DEBUG_INFO = NO;
				PRODUCT_BUNDLE_IDENTIFIER = "jp.objective-audio.ui-mac-tests";
				PRODUCT_NAME = "$(TARGET_NAME)";
				SDKROOT = macosx;
			};
			name = Release;
		};
/* End XCBuildConfiguration section */

/* Begin XCConfigurationList section */
		B6C56D541C90470600CAC59D /* Build configuration list for PBXProject "ui_tests" */ = {
			isa = XCConfigurationList;
			buildConfigurations = (
				B6C56D551C90470600CAC59D /* Debug */,
				B6C56D561C90470600CAC59D /* Release */,
			);
			defaultConfigurationIsVisible = 0;
			defaultConfigurationName = Release;
		};
		B6C56D611C90474400CAC59D /* Build configuration list for PBXNativeTarget "ui_mac_tests" */ = {
			isa = XCConfigurationList;
			buildConfigurations = (
				B6C56D621C90474400CAC59D /* Debug */,
				B6C56D631C90474400CAC59D /* Release */,
			);
			defaultConfigurationIsVisible = 0;
			defaultConfigurationName = Release;
		};
/* End XCConfigurationList section */
	};
	rootObject = B6C56D511C90470600CAC59D /* Project object */;
}
